
Microsoft Visual Studio Solution File, Format Version 12.00
# Visual Studio 15
VisualStudioVersion = 15.0.27703.2026
MinimumVisualStudioVersion = 10.0.40219.1
Project("{888888A0-9F3D-457C-B088-3A5042F75D52}") = "OnlineNoughtsAndCrosses", "OnlineNoughtsAndCrosses\OnlineNoughtsAndCrosses.pyproj", "{CC2ED3C4-E8B2-4DA5-9779-6A85408523BD}"
EndProject
Global
	GlobalSection(SolutionConfigurationPlatforms) = preSolution
		Debug|Any CPU = Debug|Any CPU
		Release|Any CPU = Release|Any CPU
	EndGlobalSection
	GlobalSection(ProjectConfigurationPlatforms) = postSolution
		{CC2ED3C4-E8B2-4DA5-9779-6A85408523BD}.Debug|Any CPU.ActiveCfg = Debug|Any CPU
		{CC2ED3C4-E8B2-4DA5-9779-6A85408523BD}.Debug|Any CPU.Build.0 = Debug|Any CPU
		{CC2ED3C4-E8B2-4DA5-9779-6A85408523BD}.Release|Any CPU.ActiveCfg = Release|Any CPU
		{CC2ED3C4-E8B2-4DA5-9779-6A85408523BD}.Release|Any CPU.Build.0 = Release|Any CPU
	EndGlobalSection
	GlobalSection(SolutionProperties) = preSolution
		HideSolutionNode = FALSE
	EndGlobalSection
	GlobalSection(ExtensibilityGlobals) = postSolution
		SolutionGuid = {9EECACE1-9221-404F-A9CA-218818533F5A}
	EndGlobalSection
EndGlobal
